// !$*UTF8*$!
{
	archiveVersion = 1;
	classes = {
	};
	objectVersion = 50;
	objects = {

/* Begin PBXBuildFile section */
		BC037C5E270845B300CF3457 /* UserTabBarControllerVC.swift in Sources */ = {isa = PBXBuildFile; fileRef = BC037C5D270845B300CF3457 /* UserTabBarControllerVC.swift */; };
		BC140FB0270C7B71009BEFBB /* UserData+CoreDataClass.swift in Sources */ = {isa = PBXBuildFile; fileRef = BC140FAC270C7B71009BEFBB /* UserData+CoreDataClass.swift */; };
		BC140FB1270C7B71009BEFBB /* UserData+CoreDataProperties.swift in Sources */ = {isa = PBXBuildFile; fileRef = BC140FAD270C7B71009BEFBB /* UserData+CoreDataProperties.swift */; };
		BC140FB2270C7B71009BEFBB /* TodoData+CoreDataClass.swift in Sources */ = {isa = PBXBuildFile; fileRef = BC140FAE270C7B71009BEFBB /* TodoData+CoreDataClass.swift */; };
		BC140FB3270C7B71009BEFBB /* TodoData+CoreDataProperties.swift in Sources */ = {isa = PBXBuildFile; fileRef = BC140FAF270C7B71009BEFBB /* TodoData+CoreDataProperties.swift */; };
		BC9F8AE6270EE21400ADF07D /* ToDoAddViewController.swift in Sources */ = {isa = PBXBuildFile; fileRef = BC9F8AE5270EE21400ADF07D /* ToDoAddViewController.swift */; };
		BCA8F5C12705985800E71F83 /* LoginVC.swift in Sources */ = {isa = PBXBuildFile; fileRef = BCA8F5C02705985800E71F83 /* LoginVC.swift */; };
		BCBF172A2717EEB1002E14E1 /* ToDoArray.swift in Sources */ = {isa = PBXBuildFile; fileRef = BCBF17292717EEB1002E14E1 /* ToDoArray.swift */; };
		BCBF172C271941E4002E14E1 /* objectProtocol.swift in Sources */ = {isa = PBXBuildFile; fileRef = BCBF172B271941E4002E14E1 /* objectProtocol.swift */; };
		BCC6B4FD2710124E00566E81 /* ToDoContentVC.swift in Sources */ = {isa = PBXBuildFile; fileRef = BCC6B4FC2710124E00566E81 /* ToDoContentVC.swift */; };
		BCC6B50727116CDE00566E81 /* CustomCell.swift in Sources */ = {isa = PBXBuildFile; fileRef = BCC6B50627116CDE00566E81 /* CustomCell.swift */; };
		BCC9C7412716FDFB00A484EF /* TodoData+CoreDataProperties.swift in Sources */ = {isa = PBXBuildFile; fileRef = BCC9C73F2716FDFB00A484EF /* TodoData+CoreDataProperties.swift */; };
		BCC9C7422716FDFB00A484EF /* UserData+CoreDataProperties.swift in Sources */ = {isa = PBXBuildFile; fileRef = BCC9C7402716FDFB00A484EF /* UserData+CoreDataProperties.swift */; };
		BCCF267F270A1797005514E4 /* ProfileViewController.swift in Sources */ = {isa = PBXBuildFile; fileRef = BCCF267E270A1797005514E4 /* ProfileViewController.swift */; };
		BCCF2683270B48ED005514E4 /* ToDoTableView.swift in Sources */ = {isa = PBXBuildFile; fileRef = BCCF2682270B48ED005514E4 /* ToDoTableView.swift */; };
		BCE7F4FC27042755004662EF /* AppDelegate.swift in Sources */ = {isa = PBXBuildFile; fileRef = BCE7F4FB27042755004662EF /* AppDelegate.swift */; };
		BCE7F4FE27042755004662EF /* SceneDelegate.swift in Sources */ = {isa = PBXBuildFile; fileRef = BCE7F4FD27042755004662EF /* SceneDelegate.swift */; };
		BCE7F50327042755004662EF /* Main.storyboard in Resources */ = {isa = PBXBuildFile; fileRef = BCE7F50127042755004662EF /* Main.storyboard */; };
		BCE7F50627042755004662EF /* ToDoApp_X12.xcdatamodeld in Sources */ = {isa = PBXBuildFile; fileRef = BCE7F50427042755004662EF /* ToDoApp_X12.xcdatamodeld */; };
		BCE7F50827042756004662EF /* Assets.xcassets in Resources */ = {isa = PBXBuildFile; fileRef = BCE7F50727042756004662EF /* Assets.xcassets */; };
		BCE7F50B27042756004662EF /* LaunchScreen.storyboard in Resources */ = {isa = PBXBuildFile; fileRef = BCE7F50927042756004662EF /* LaunchScreen.storyboard */; };
		BCE7F51627043964004662EF /* SignUpVC.swift in Sources */ = {isa = PBXBuildFile; fileRef = BCE7F51527043964004662EF /* SignUpVC.swift */; };
		BCE7F518270581AA004662EF /* CoreDataManager.swift in Sources */ = {isa = PBXBuildFile; fileRef = BCE7F517270581AA004662EF /* CoreDataManager.swift */; };
/* End PBXBuildFile section */

/* Begin PBXFileReference section */
		BC037C5D270845B300CF3457 /* UserTabBarControllerVC.swift */ = {isa = PBXFileReference; lastKnownFileType = sourcecode.swift; path = UserTabBarControllerVC.swift; sourceTree = "<group>"; };
		BC140FAC270C7B71009BEFBB /* UserData+CoreDataClass.swift */ = {isa = PBXFileReference; lastKnownFileType = sourcecode.swift; path = "UserData+CoreDataClass.swift"; sourceTree = SOURCE_ROOT; };
		BC140FAD270C7B71009BEFBB /* UserData+CoreDataProperties.swift */ = {isa = PBXFileReference; lastKnownFileType = sourcecode.swift; path = "UserData+CoreDataProperties.swift"; sourceTree = SOURCE_ROOT; };
		BC140FAE270C7B71009BEFBB /* TodoData+CoreDataClass.swift */ = {isa = PBXFileReference; lastKnownFileType = sourcecode.swift; path = "TodoData+CoreDataClass.swift"; sourceTree = SOURCE_ROOT; };
		BC140FAF270C7B71009BEFBB /* TodoData+CoreDataProperties.swift */ = {isa = PBXFileReference; lastKnownFileType = sourcecode.swift; path = "TodoData+CoreDataProperties.swift"; sourceTree = SOURCE_ROOT; };
		BC9F8AE5270EE21400ADF07D /* ToDoAddViewController.swift */ = {isa = PBXFileReference; lastKnownFileType = sourcecode.swift; name = ToDoAddViewController.swift; path = ToDoApp_X12/StoryBoard/ToDoAddViewController.swift; sourceTree = SOURCE_ROOT; };
		BCA8F5C02705985800E71F83 /* LoginVC.swift */ = {isa = PBXFileReference; lastKnownFileType = sourcecode.swift; path = LoginVC.swift; sourceTree = "<group>"; };
		BCBF17292717EEB1002E14E1 /* ToDoArray.swift */ = {isa = PBXFileReference; lastKnownFileType = sourcecode.swift; name = ToDoArray.swift; path = ToDoApp_X12/Controller/TodoTable/ToDoArray.swift; sourceTree = SOURCE_ROOT; };
		BCBF172B271941E4002E14E1 /* objectProtocol.swift */ = {isa = PBXFileReference; lastKnownFileType = sourcecode.swift; path = objectProtocol.swift; sourceTree = "<group>"; };
		BCC6B4FC2710124E00566E81 /* ToDoContentVC.swift */ = {isa = PBXFileReference; lastKnownFileType = sourcecode.swift; path = ToDoContentVC.swift; sourceTree = "<group>"; };
		BCC6B50627116CDE00566E81 /* CustomCell.swift */ = {isa = PBXFileReference; lastKnownFileType = sourcecode.swift; name = CustomCell.swift; path = ToDoApp_X12/StoryBoard/CustomCell.swift; sourceTree = SOURCE_ROOT; };
		BCC9C73F2716FDFB00A484EF /* TodoData+CoreDataProperties.swift */ = {isa = PBXFileReference; lastKnownFileType = sourcecode.swift; path = "TodoData+CoreDataProperties.swift"; sourceTree = "<group>"; };
		BCC9C7402716FDFB00A484EF /* UserData+CoreDataProperties.swift */ = {isa = PBXFileReference; lastKnownFileType = sourcecode.swift; path = "UserData+CoreDataProperties.swift"; sourceTree = "<group>"; };
		BCCF267E270A1797005514E4 /* ProfileViewController.swift */ = {isa = PBXFileReference; lastKnownFileType = sourcecode.swift; path = ProfileViewController.swift; sourceTree = "<group>"; };
		BCCF2682270B48ED005514E4 /* ToDoTableView.swift */ = {isa = PBXFileReference; lastKnownFileType = sourcecode.swift; path = ToDoTableView.swift; sourceTree = "<group>"; };
		BCE7F4F827042755004662EF /* ToDoApp_X12.app */ = {isa = PBXFileReference; explicitFileType = wrapper.application; includeInIndex = 0; path = ToDoApp_X12.app; sourceTree = BUILT_PRODUCTS_DIR; };
		BCE7F4FB27042755004662EF /* AppDelegate.swift */ = {isa = PBXFileReference; lastKnownFileType = sourcecode.swift; path = AppDelegate.swift; sourceTree = "<group>"; };
		BCE7F4FD27042755004662EF /* SceneDelegate.swift */ = {isa = PBXFileReference; lastKnownFileType = sourcecode.swift; path = SceneDelegate.swift; sourceTree = "<group>"; };
		BCE7F50227042755004662EF /* Base */ = {isa = PBXFileReference; lastKnownFileType = file.storyboard; name = Base; path = Base.lproj/Main.storyboard; sourceTree = "<group>"; };
		BCE7F50527042755004662EF /* ToDoApp_X12.xcdatamodel */ = {isa = PBXFileReference; lastKnownFileType = wrapper.xcdatamodel; path = ToDoApp_X12.xcdatamodel; sourceTree = "<group>"; };
		BCE7F50727042756004662EF /* Assets.xcassets */ = {isa = PBXFileReference; lastKnownFileType = folder.assetcatalog; path = Assets.xcassets; sourceTree = "<group>"; };
		BCE7F50A27042756004662EF /* Base */ = {isa = PBXFileReference; lastKnownFileType = file.storyboard; name = Base; path = Base.lproj/LaunchScreen.storyboard; sourceTree = "<group>"; };
		BCE7F50C27042756004662EF /* Info.plist */ = {isa = PBXFileReference; lastKnownFileType = text.plist.xml; path = Info.plist; sourceTree = "<group>"; };
		BCE7F51527043964004662EF /* SignUpVC.swift */ = {isa = PBXFileReference; lastKnownFileType = sourcecode.swift; path = SignUpVC.swift; sourceTree = "<group>"; };
		BCE7F517270581AA004662EF /* CoreDataManager.swift */ = {isa = PBXFileReference; lastKnownFileType = sourcecode.swift; path = CoreDataManager.swift; sourceTree = "<group>"; };
		E9D9B0D8BA34B768F522B001 /* libPods-ToDoApp_X12.a */ = {isa = PBXFileReference; explicitFileType = archive.ar; includeInIndex = 0; path = "libPods-ToDoApp_X12.a"; sourceTree = BUILT_PRODUCTS_DIR; };
/* End PBXFileReference section */

/* Begin PBXFrameworksBuildPhase section */
		BCE7F4F527042755004662EF /* Frameworks */ = {
			isa = PBXFrameworksBuildPhase;
			buildActionMask = 2147483647;
			files = (
			);
			runOnlyForDeploymentPostprocessing = 0;
		};
/* End PBXFrameworksBuildPhase section */

/* Begin PBXGroup section */
		4D2B128C81564A848A8DA340 /* Frameworks */ = {
			isa = PBXGroup;
			children = (
				E9D9B0D8BA34B768F522B001 /* libPods-ToDoApp_X12.a */,
			);
			name = Frameworks;
			sourceTree = "<group>";
		};
		BC033A48270EE0BB0092BA05 /* mainController */ = {
			isa = PBXGroup;
			children = (
				BCE7F51527043964004662EF /* SignUpVC.swift */,
				BCA8F5C02705985800E71F83 /* LoginVC.swift */,
			);
			path = mainController;
			sourceTree = "<group>";
		};
		BC033A49270EE1440092BA05 /* TodoTable */ = {
			isa = PBXGroup;
			children = (
				BCC6B50627116CDE00566E81 /* CustomCell.swift */,
				BC9F8AE5270EE21400ADF07D /* ToDoAddViewController.swift */,
				BCCF2682270B48ED005514E4 /* ToDoTableView.swift */,
				BCC6B4FC2710124E00566E81 /* ToDoContentVC.swift */,
				BCCF267E270A1797005514E4 /* ProfileViewController.swift */,
				BCBF172B271941E4002E14E1 /* objectProtocol.swift */,
				BC037C5D270845B300CF3457 /* UserTabBarControllerVC.swift */,
			);
			path = TodoTable;
			sourceTree = "<group>";
		};
		BCE7F4EF27042755004662EF = {
			isa = PBXGroup;
			children = (
				BCC9C73F2716FDFB00A484EF /* TodoData+CoreDataProperties.swift */,
				BCC9C7402716FDFB00A484EF /* UserData+CoreDataProperties.swift */,
				BCE7F4FA27042755004662EF /* ToDoApp_X12 */,
				BCE7F4F927042755004662EF /* Products */,
				4D2B128C81564A848A8DA340 /* Frameworks */,
			);
			sourceTree = "<group>";
		};
		BCE7F4F927042755004662EF /* Products */ = {
			isa = PBXGroup;
			children = (
				BCE7F4F827042755004662EF /* ToDoApp_X12.app */,
			);
			name = Products;
			sourceTree = "<group>";
		};
		BCE7F4FA27042755004662EF /* ToDoApp_X12 */ = {
			isa = PBXGroup;
			children = (
				BCE7F51227042902004662EF /* Delegate */,
				BCE7F51327042910004662EF /* Controller */,
				BCE7F5142704291C004662EF /* StoryBoard */,
				BCE7F51927058FDD004662EF /* CoreData */,
				BCE7F50727042756004662EF /* Assets.xcassets */,
				BCE7F50C27042756004662EF /* Info.plist */,
				BCE7F50427042755004662EF /* ToDoApp_X12.xcdatamodeld */,
			);
			path = ToDoApp_X12;
			sourceTree = "<group>";
		};
		BCE7F51227042902004662EF /* Delegate */ = {
			isa = PBXGroup;
			children = (
				BCE7F4FB27042755004662EF /* AppDelegate.swift */,
				BCE7F4FD27042755004662EF /* SceneDelegate.swift */,
			);
			path = Delegate;
			sourceTree = "<group>";
		};
		BCE7F51327042910004662EF /* Controller */ = {
			isa = PBXGroup;
			children = (
				BC033A49270EE1440092BA05 /* TodoTable */,
				BC033A48270EE0BB0092BA05 /* mainController */,
			);
			path = Controller;
			sourceTree = "<group>";
		};
		BCE7F5142704291C004662EF /* StoryBoard */ = {
			isa = PBXGroup;
			children = (
				BCE7F50127042755004662EF /* Main.storyboard */,
				BCE7F50927042756004662EF /* LaunchScreen.storyboard */,
			);
			path = StoryBoard;
			sourceTree = "<group>";
		};
		BCE7F51927058FDD004662EF /* CoreData */ = {
			isa = PBXGroup;
			children = (
				BCBF17292717EEB1002E14E1 /* ToDoArray.swift */,
				BC140FAC270C7B71009BEFBB /* UserData+CoreDataClass.swift */,
				BC140FAD270C7B71009BEFBB /* UserData+CoreDataProperties.swift */,
				BC140FAE270C7B71009BEFBB /* TodoData+CoreDataClass.swift */,
				BC140FAF270C7B71009BEFBB /* TodoData+CoreDataProperties.swift */,
				BCE7F517270581AA004662EF /* CoreDataManager.swift */,
			);
			path = CoreData;
			sourceTree = "<group>";
		};
/* End PBXGroup section */

/* Begin PBXNativeTarget section */
		BCE7F4F727042755004662EF /* ToDoApp_X12 */ = {
			isa = PBXNativeTarget;
			buildConfigurationList = BCE7F50F27042756004662EF /* Build configuration list for PBXNativeTarget "ToDoApp_X12" */;
			buildPhases = (
				BCE7F4F427042755004662EF /* Sources */,
				BCE7F4F527042755004662EF /* Frameworks */,
				BCE7F4F627042755004662EF /* Resources */,
			);
			buildRules = (
			);
			dependencies = (
			);
			name = ToDoApp_X12;
			productName = ToDoApp_X12;
			productReference = BCE7F4F827042755004662EF /* ToDoApp_X12.app */;
			productType = "com.apple.product-type.application";
		};
/* End PBXNativeTarget section */

/* Begin PBXProject section */
		BCE7F4F027042755004662EF /* Project object */ = {
			isa = PBXProject;
			attributes = {
				LastSwiftUpdateCheck = 1250;
				LastUpgradeCheck = 1250;
				TargetAttributes = {
					BCE7F4F727042755004662EF = {
						CreatedOnToolsVersion = 12.5.1;
					};
				};
			};
			buildConfigurationList = BCE7F4F327042755004662EF /* Build configuration list for PBXProject "ToDoApp_X12" */;
			compatibilityVersion = "Xcode 9.3";
			developmentRegion = en;
			hasScannedForEncodings = 0;
			knownRegions = (
				en,
				Base,
			);
			mainGroup = BCE7F4EF27042755004662EF;
			productRefGroup = BCE7F4F927042755004662EF /* Products */;
			projectDirPath = "";
			projectRoot = "";
			targets = (
				BCE7F4F727042755004662EF /* ToDoApp_X12 */,
			);
		};
/* End PBXProject section */

/* Begin PBXResourcesBuildPhase section */
		BCE7F4F627042755004662EF /* Resources */ = {
			isa = PBXResourcesBuildPhase;
			buildActionMask = 2147483647;
			files = (
				BCE7F50B27042756004662EF /* LaunchScreen.storyboard in Resources */,
				BCE7F50827042756004662EF /* Assets.xcassets in Resources */,
				BCE7F50327042755004662EF /* Main.storyboard in Resources */,
			);
			runOnlyForDeploymentPostprocessing = 0;
		};
/* End PBXResourcesBuildPhase section */

/* Begin PBXSourcesBuildPhase section */
		BCE7F4F427042755004662EF /* Sources */ = {
			isa = PBXSourcesBuildPhase;
			buildActionMask = 2147483647;
			files = (
				BCE7F518270581AA004662EF /* CoreDataManager.swift in Sources */,
				BC140FB0270C7B71009BEFBB /* UserData+CoreDataClass.swift in Sources */,
				BCC9C7412716FDFB00A484EF /* TodoData+CoreDataProperties.swift in Sources */,
				BC140FB2270C7B71009BEFBB /* TodoData+CoreDataClass.swift in Sources */,
				BC9F8AE6270EE21400ADF07D /* ToDoAddViewController.swift in Sources */,
				BC140FB3270C7B71009BEFBB /* TodoData+CoreDataProperties.swift in Sources */,
				BCC9C7422716FDFB00A484EF /* UserData+CoreDataProperties.swift in Sources */,
				BCA8F5C12705985800E71F83 /* LoginVC.swift in Sources */,
				BCC6B50727116CDE00566E81 /* CustomCell.swift in Sources */,
				BCCF2683270B48ED005514E4 /* ToDoTableView.swift in Sources */,
				BC140FB1270C7B71009BEFBB /* UserData+CoreDataProperties.swift in Sources */,
				BCE7F50627042755004662EF /* ToDoApp_X12.xcdatamodeld in Sources */,
				BCBF172C271941E4002E14E1 /* objectProtocol.swift in Sources */,
				BCE7F4FC27042755004662EF /* AppDelegate.swift in Sources */,
				BCCF267F270A1797005514E4 /* ProfileViewController.swift in Sources */,
				BC037C5E270845B300CF3457 /* UserTabBarControllerVC.swift in Sources */,
				BCC6B4FD2710124E00566E81 /* ToDoContentVC.swift in Sources */,
				BCE7F51627043964004662EF /* SignUpVC.swift in Sources */,
				BCBF172A2717EEB1002E14E1 /* ToDoArray.swift in Sources */,
				BCE7F4FE27042755004662EF /* SceneDelegate.swift in Sources */,
			);
			runOnlyForDeploymentPostprocessing = 0;
		};
/* End PBXSourcesBuildPhase section */

/* Begin PBXVariantGroup section */
		BCE7F50127042755004662EF /* Main.storyboard */ = {
			isa = PBXVariantGroup;
			children = (
				BCE7F50227042755004662EF /* Base */,
			);
			name = Main.storyboard;
			sourceTree = "<group>";
		};
		BCE7F50927042756004662EF /* LaunchScreen.storyboard */ = {
			isa = PBXVariantGroup;
			children = (
				BCE7F50A27042756004662EF /* Base */,
			);
			name = LaunchScreen.storyboard;
			sourceTree = "<group>";
		};
/* End PBXVariantGroup section */

/* Begin XCBuildConfiguration section */
		BCE7F50D27042756004662EF /* Debug */ = {
			isa = XCBuildConfiguration;
			buildSettings = {
				ALWAYS_SEARCH_USER_PATHS = NO;
				CLANG_ANALYZER_NONNULL = YES;
				CLANG_ANALYZER_NUMBER_OBJECT_CONVERSION = YES_AGGRESSIVE;
				CLANG_CXX_LANGUAGE_STANDARD = "gnu++14";
				CLANG_CXX_LIBRARY = "libc++";
				CLANG_ENABLE_MODULES = YES;
				CLANG_ENABLE_OBJC_ARC = YES;
				CLANG_ENABLE_OBJC_WEAK = YES;
				CLANG_WARN_BLOCK_CAPTURE_AUTORELEASING = YES;
				CLANG_WARN_BOOL_CONVERSION = YES;
				CLANG_WARN_COMMA = YES;
				CLANG_WARN_CONSTANT_CONVERSION = YES;
				CLANG_WARN_DEPRECATED_OBJC_IMPLEMENTATIONS = YES;
				CLANG_WARN_DIRECT_OBJC_ISA_USAGE = YES_ERROR;
				CLANG_WARN_DOCUMENTATION_COMMENTS = YES;
				CLANG_WARN_EMPTY_BODY = YES;
				CLANG_WARN_ENUM_CONVERSION = YES;
				CLANG_WARN_INFINITE_RECURSION = YES;
				CLANG_WARN_INT_CONVERSION = YES;
				CLANG_WARN_NON_LITERAL_NULL_CONVERSION = YES;
				CLANG_WARN_OBJC_IMPLICIT_RETAIN_SELF = YES;
				CLANG_WARN_OBJC_LITERAL_CONVERSION = YES;
				CLANG_WARN_OBJC_ROOT_CLASS = YES_ERROR;
				CLANG_WARN_QUOTED_INCLUDE_IN_FRAMEWORK_HEADER = YES;
				CLANG_WARN_RANGE_LOOP_ANALYSIS = YES;
				CLANG_WARN_STRICT_PROTOTYPES = YES;
				CLANG_WARN_SUSPICIOUS_MOVE = YES;
				CLANG_WARN_UNGUARDED_AVAILABILITY = YES_AGGRESSIVE;
				CLANG_WARN_UNREACHABLE_CODE = YES;
				CLANG_WARN__DUPLICATE_METHOD_MATCH = YES;
				COPY_PHASE_STRIP = NO;
				DEBUG_INFORMATION_FORMAT = dwarf;
				ENABLE_STRICT_OBJC_MSGSEND = YES;
				ENABLE_TESTABILITY = YES;
				GCC_C_LANGUAGE_STANDARD = gnu11;
				GCC_DYNAMIC_NO_PIC = NO;
				GCC_NO_COMMON_BLOCKS = YES;
				GCC_OPTIMIZATION_LEVEL = 0;
				GCC_PREPROCESSOR_DEFINITIONS = (
					"DEBUG=1",
					"$(inherited)",
				);
				GCC_WARN_64_TO_32_BIT_CONVERSION = YES;
				GCC_WARN_ABOUT_RETURN_TYPE = YES_ERROR;
				GCC_WARN_UNDECLARED_SELECTOR = YES;
				GCC_WARN_UNINITIALIZED_AUTOS = YES_AGGRESSIVE;
				GCC_WARN_UNUSED_FUNCTION = YES;
				GCC_WARN_UNUSED_VARIABLE = YES;
				IPHONEOS_DEPLOYMENT_TARGET = 14.5;
				MTL_ENABLE_DEBUG_INFO = INCLUDE_SOURCE;
				MTL_FAST_MATH = YES;
				ONLY_ACTIVE_ARCH = YES;
				SDKROOT = iphoneos;
				SWIFT_ACTIVE_COMPILATION_CONDITIONS = DEBUG;
				SWIFT_OPTIMIZATION_LEVEL = "-Onone";
			};
			name = Debug;
		};
		BCE7F50E27042756004662EF /* Release */ = {
			isa = XCBuildConfiguration;
			buildSettings = {
				ALWAYS_SEARCH_USER_PATHS = NO;
				CLANG_ANALYZER_NONNULL = YES;
				CLANG_ANALYZER_NUMBER_OBJECT_CONVERSION = YES_AGGRESSIVE;
				CLANG_CXX_LANGUAGE_STANDARD = "gnu++14";
				CLANG_CXX_LIBRARY = "libc++";
				CLANG_ENABLE_MODULES = YES;
				CLANG_ENABLE_OBJC_ARC = YES;
				CLANG_ENABLE_OBJC_WEAK = YES;
				CLANG_WARN_BLOCK_CAPTURE_AUTORELEASING = YES;
				CLANG_WARN_BOOL_CONVERSION = YES;
				CLANG_WARN_COMMA = YES;
				CLANG_WARN_CONSTANT_CONVERSION = YES;
				CLANG_WARN_DEPRECATED_OBJC_IMPLEMENTATIONS = YES;
				CLANG_WARN_DIRECT_OBJC_ISA_USAGE = YES_ERROR;
				CLANG_WARN_DOCUMENTATION_COMMENTS = YES;
				CLANG_WARN_EMPTY_BODY = YES;
				CLANG_WARN_ENUM_CONVERSION = YES;
				CLANG_WARN_INFINITE_RECURSION = YES;
				CLANG_WARN_INT_CONVERSION = YES;
				CLANG_WARN_NON_LITERAL_NULL_CONVERSION = YES;
				CLANG_WARN_OBJC_IMPLICIT_RETAIN_SELF = YES;
				CLANG_WARN_OBJC_LITERAL_CONVERSION = YES;
				CLANG_WARN_OBJC_ROOT_CLASS = YES_ERROR;
				CLANG_WARN_QUOTED_INCLUDE_IN_FRAMEWORK_HEADER = YES;
				CLANG_WARN_RANGE_LOOP_ANALYSIS = YES;
				CLANG_WARN_STRICT_PROTOTYPES = YES;
				CLANG_WARN_SUSPICIOUS_MOVE = YES;
				CLANG_WARN_UNGUARDED_AVAILABILITY = YES_AGGRESSIVE;
				CLANG_WARN_UNREACHABLE_CODE = YES;
				CLANG_WARN__DUPLICATE_METHOD_MATCH = YES;
				COPY_PHASE_STRIP = NO;
				DEBUG_INFORMATION_FORMAT = "dwarf-with-dsym";
				ENABLE_NS_ASSERTIONS = NO;
				ENABLE_STRICT_OBJC_MSGSEND = YES;
				GCC_C_LANGUAGE_STANDARD = gnu11;
				GCC_NO_COMMON_BLOCKS = YES;
				GCC_WARN_64_TO_32_BIT_CONVERSION = YES;
				GCC_WARN_ABOUT_RETURN_TYPE = YES_ERROR;
				GCC_WARN_UNDECLARED_SELECTOR = YES;
				GCC_WARN_UNINITIALIZED_AUTOS = YES_AGGRESSIVE;
				GCC_WARN_UNUSED_FUNCTION = YES;
				GCC_WARN_UNUSED_VARIABLE = YES;
				IPHONEOS_DEPLOYMENT_TARGET = 14.5;
				MTL_ENABLE_DEBUG_INFO = NO;
				MTL_FAST_MATH = YES;
				SDKROOT = iphoneos;
				SWIFT_COMPILATION_MODE = wholemodule;
				SWIFT_OPTIMIZATION_LEVEL = "-O";
				VALIDATE_PRODUCT = YES;
			};
			name = Release;
		};
		BCE7F51027042756004662EF /* Debug */ = {
			isa = XCBuildConfiguration;
			buildSettings = {
				ASSETCATALOG_COMPILER_APPICON_NAME = AppIcon;
				ASSETCATALOG_COMPILER_GLOBAL_ACCENT_COLOR_NAME = AccentColor;
				CODE_SIGN_STYLE = Automatic;
				DEVELOPMENT_TEAM = 5S8HZ77935;
				INFOPLIST_FILE = ToDoApp_X12/Info.plist;
				LD_RUNPATH_SEARCH_PATHS = (
					"$(inherited)",
					"@executable_path/Frameworks",
				);
				PRODUCT_BUNDLE_IDENTIFIER = "robin.ToDoApp-X12";
				PRODUCT_NAME = "$(TARGET_NAME)";
				SWIFT_VERSION = 5.0;
				TARGETED_DEVICE_FAMILY = "1,2";
			};
			name = Debug;
		};
		BCE7F51127042756004662EF /* Release */ = {
			isa = XCBuildConfiguration;
			buildSettings = {
				ASSETCATALOG_COMPILER_APPICON_NAME = AppIcon;
				ASSETCATALOG_COMPILER_GLOBAL_ACCENT_COLOR_NAME = AccentColor;
				CODE_SIGN_STYLE = Automatic;
				DEVELOPMENT_TEAM = 5S8HZ77935;
				INFOPLIST_FILE = ToDoApp_X12/Info.plist;
				LD_RUNPATH_SEARCH_PATHS = (
					"$(inherited)",
					"@executable_path/Frameworks",
				);
				PRODUCT_BUNDLE_IDENTIFIER = "robin.ToDoApp-X12";
				PRODUCT_NAME = "$(TARGET_NAME)";
				SWIFT_VERSION = 5.0;
				TARGETED_DEVICE_FAMILY = "1,2";
			};
			name = Release;
		};
/* End XCBuildConfiguration section */

/* Begin XCConfigurationList section */
		BCE7F4F327042755004662EF /* Build configuration list for PBXProject "ToDoApp_X12" */ = {
			isa = XCConfigurationList;
			buildConfigurations = (
				BCE7F50D27042756004662EF /* Debug */,
				BCE7F50E27042756004662EF /* Release */,
			);
			defaultConfigurationIsVisible = 0;
			defaultConfigurationName = Release;
		};
		BCE7F50F27042756004662EF /* Build configuration list for PBXNativeTarget "ToDoApp_X12" */ = {
			isa = XCConfigurationList;
			buildConfigurations = (
				BCE7F51027042756004662EF /* Debug */,
				BCE7F51127042756004662EF /* Release */,
			);
			defaultConfigurationIsVisible = 0;
			defaultConfigurationName = Release;
		};
/* End XCConfigurationList section */

/* Begin XCVersionGroup section */
		BCE7F50427042755004662EF /* ToDoApp_X12.xcdatamodeld */ = {
			isa = XCVersionGroup;
			children = (
				BCE7F50527042755004662EF /* ToDoApp_X12.xcdatamodel */,
			);
			currentVersion = BCE7F50527042755004662EF /* ToDoApp_X12.xcdatamodel */;
			path = ToDoApp_X12.xcdatamodeld;
			sourceTree = "<group>";
			versionGroupType = wrapper.xcdatamodel;
		};
/* End XCVersionGroup section */
	};
	rootObject = BCE7F4F027042755004662EF /* Project object */;
}
